
Microsoft Visual Studio Solution File, Format Version 12.00
# Visual Studio Version 16
VisualStudioVersion = 16.0.30503.244
MinimumVisualStudioVersion = 10.0.40219.1
Project("{FAE04EC0-301F-11D3-BF4B-00C04F79EFBC}") = "FootballWorldCupAnalysisScoreBoard", "FootballWorldCupAnalysisScoreBoard\FootballWorldCupAnalysisScoreBoard.csproj", "{16CBAAFD-B97E-4297-9058-1519837B0B8C}"
EndProject
Project("{FAE04EC0-301F-11D3-BF4B-00C04F79EFBC}") = "Program", "Program\Program.csproj", "{0D9D6139-EAD1-4903-8047-866930E9F065}"
EndProject
Project("{FAE04EC0-301F-11D3-BF4B-00C04F79EFBC}") = "UnitTest", "UnitTest\UnitTest.csproj", "{23798D8A-8B1D-4DBC-B6E6-237BEE15685D}"
EndProject
Global
	GlobalSection(SolutionConfigurationPlatforms) = preSolution
		Debug|Any CPU = Debug|Any CPU
		Release|Any CPU = Release|Any CPU
	EndGlobalSection
	GlobalSection(ProjectConfigurationPlatforms) = postSolution
		{16CBAAFD-B97E-4297-9058-1519837B0B8C}.Debug|Any CPU.ActiveCfg = Debug|Any CPU
		{16CBAAFD-B97E-4297-9058-1519837B0B8C}.Debug|Any CPU.Build.0 = Debug|Any CPU
		{16CBAAFD-B97E-4297-9058-1519837B0B8C}.Release|Any CPU.ActiveCfg = Release|Any CPU
		{16CBAAFD-B97E-4297-9058-1519837B0B8C}.Release|Any CPU.Build.0 = Release|Any CPU
		{0D9D6139-EAD1-4903-8047-866930E9F065}.Debug|Any CPU.ActiveCfg = Debug|Any CPU
		{0D9D6139-EAD1-4903-8047-866930E9F065}.Debug|Any CPU.Build.0 = Debug|Any CPU
		{0D9D6139-EAD1-4903-8047-866930E9F065}.Release|Any CPU.ActiveCfg = Release|Any CPU
		{0D9D6139-EAD1-4903-8047-866930E9F065}.Release|Any CPU.Build.0 = Release|Any CPU
		{23798D8A-8B1D-4DBC-B6E6-237BEE15685D}.Debug|Any CPU.ActiveCfg = Debug|Any CPU
		{23798D8A-8B1D-4DBC-B6E6-237BEE15685D}.Debug|Any CPU.Build.0 = Debug|Any CPU
		{23798D8A-8B1D-4DBC-B6E6-237BEE15685D}.Release|Any CPU.ActiveCfg = Release|Any CPU
		{23798D8A-8B1D-4DBC-B6E6-237BEE15685D}.Release|Any CPU.Build.0 = Release|Any CPU
	EndGlobalSection
	GlobalSection(SolutionProperties) = preSolution
		HideSolutionNode = FALSE
	EndGlobalSection
	GlobalSection(ExtensibilityGlobals) = postSolution
		SolutionGuid = {DA2C2361-53A5-4AC9-8F6C-F102D81AED93}
	EndGlobalSection
EndGlobal
